
Microsoft Visual Studio Solution File, Format Version 12.00
# Visual Studio 2012
Project("{FAE04EC0-301F-11D3-BF4B-00C04F79EFBC}") = "MVCRazorApp", "MVCRazorApp\MVCRazorApp.csproj", "{61BA9C4F-5C70-48D1-BEC8-F5EFCB8F71A6}"
EndProject
Project("{FAE04EC0-301F-11D3-BF4B-00C04F79EFBC}") = "MVCRazorApp.Tests", "MVCRazorApp.Tests\MVCRazorApp.Tests.csproj", "{18008563-732B-4CA2-80FA-007E8660FC2B}"
EndProject
Global
	GlobalSection(SolutionConfigurationPlatforms) = preSolution
		Debug|Any CPU = Debug|Any CPU
		Release|Any CPU = Release|Any CPU
	EndGlobalSection
	GlobalSection(ProjectConfigurationPlatforms) = postSolution
		{18008563-732B-4CA2-80FA-007E8660FC2B}.Debug|Any CPU.ActiveCfg = Debug|Any CPU
		{18008563-732B-4CA2-80FA-007E8660FC2B}.Debug|Any CPU.Build.0 = Debug|Any CPU
		{18008563-732B-4CA2-80FA-007E8660FC2B}.Release|Any CPU.ActiveCfg = Release|Any CPU
		{18008563-732B-4CA2-80FA-007E8660FC2B}.Release|Any CPU.Build.0 = Release|Any CPU
		{61BA9C4F-5C70-48D1-BEC8-F5EFCB8F71A6}.Debug|Any CPU.ActiveCfg = Debug|Any CPU
		{61BA9C4F-5C70-48D1-BEC8-F5EFCB8F71A6}.Debug|Any CPU.Build.0 = Debug|Any CPU
		{61BA9C4F-5C70-48D1-BEC8-F5EFCB8F71A6}.Release|Any CPU.ActiveCfg = Release|Any CPU
		{61BA9C4F-5C70-48D1-BEC8-F5EFCB8F71A6}.Release|Any CPU.Build.0 = Release|Any CPU
	EndGlobalSection
EndGlobal
